// !$*UTF8*$!
{
	archiveVersion = 1;
	classes = {
	};
	objectVersion = 50;
	objects = {

/* Begin PBXBuildFile section */
		503718EB239BA103001324AB /* main.swift in Sources */ = {isa = PBXBuildFile; fileRef = 503718EA239BA103001324AB /* main.swift */; };
		503718F2239BA13D001324AB /* input.txt in CopyFiles */ = {isa = PBXBuildFile; fileRef = 503718F1239BA12B001324AB /* input.txt */; };
		503718F4239BFDE7001324AB /* DataStructures.swift in Sources */ = {isa = PBXBuildFile; fileRef = 503718F3239BFDE7001324AB /* DataStructures.swift */; };
		503718F6239C1691001324AB /* IntComputer.swift in Sources */ = {isa = PBXBuildFile; fileRef = 503718F5239C1691001324AB /* IntComputer.swift */; };
/* End PBXBuildFile section */

/* Begin PBXContainerItemProxy section */
		501BBD5023A2006900CC703A /* PBXContainerItemProxy */ = {
			isa = PBXContainerItemProxy;
			containerPortal = 501BBD4823A2006700CC703A /* 12.xcodeproj */;
			proxyType = 2;
			remoteGlobalIDString = 501BBD3E23A2006700CC703A;
			remoteInfo = 12;
		};
		5037190E239CE01D001324AB /* PBXContainerItemProxy */ = {
			isa = PBXContainerItemProxy;
			containerPortal = 5037190A239CE01B001324AB /* 08.xcodeproj */;
			proxyType = 2;
			remoteGlobalIDString = 50371900239CE01B001324AB;
			remoteInfo = 08;
		};
		506A3369239EB2D8001DA6C3 /* PBXContainerItemProxy */ = {
			isa = PBXContainerItemProxy;
			containerPortal = 506A3364239EB2D7001DA6C3 /* 09.xcodeproj */;
			proxyType = 2;
			remoteGlobalIDString = 506A335A239EB2D7001DA6C3;
			remoteInfo = 09;
		};
		506A338D239F5AB0001DA6C3 /* PBXContainerItemProxy */ = {
			isa = PBXContainerItemProxy;
			containerPortal = 506A3389239F5AAF001DA6C3 /* 10.xcodeproj */;
			proxyType = 2;
			remoteGlobalIDString = 506A337F239F5AAF001DA6C3;
			remoteInfo = 10;
		};
		506A33AC23A0AFCC001DA6C3 /* PBXContainerItemProxy */ = {
			isa = PBXContainerItemProxy;
			containerPortal = 506A33A823A0AFC9001DA6C3 /* 11.xcodeproj */;
			proxyType = 2;
			remoteGlobalIDString = 506A339E23A0AFC9001DA6C3;
			remoteInfo = 11;
		};
/* End PBXContainerItemProxy section */

/* Begin PBXCopyFilesBuildPhase section */
		503718E5239BA103001324AB /* CopyFiles */ = {
			isa = PBXCopyFilesBuildPhase;
			buildActionMask = 12;
			dstPath = "";
			dstSubfolderSpec = 6;
			files = (
				503718F2239BA13D001324AB /* input.txt in CopyFiles */,
			);
			runOnlyForDeploymentPostprocessing = 0;
		};
/* End PBXCopyFilesBuildPhase section */

/* Begin PBXFileReference section */
		501BBD4823A2006700CC703A /* 12.xcodeproj */ = {isa = PBXFileReference; lastKnownFileType = "wrapper.pb-project"; name = 12.xcodeproj; path = ../12/12.xcodeproj; sourceTree = "<group>"; };
		503718E7239BA103001324AB /* 07 */ = {isa = PBXFileReference; explicitFileType = "compiled.mach-o.executable"; includeInIndex = 0; path = 07; sourceTree = BUILT_PRODUCTS_DIR; };
		503718EA239BA103001324AB /* main.swift */ = {isa = PBXFileReference; lastKnownFileType = sourcecode.swift; path = main.swift; sourceTree = "<group>"; };
		503718F1239BA12B001324AB /* input.txt */ = {isa = PBXFileReference; fileEncoding = 4; lastKnownFileType = text; path = input.txt; sourceTree = "<group>"; };
		503718F3239BFDE7001324AB /* DataStructures.swift */ = {isa = PBXFileReference; lastKnownFileType = sourcecode.swift; path = DataStructures.swift; sourceTree = "<group>"; };
		503718F5239C1691001324AB /* IntComputer.swift */ = {isa = PBXFileReference; lastKnownFileType = sourcecode.swift; path = IntComputer.swift; sourceTree = "<group>"; };
		5037190A239CE01B001324AB /* 08.xcodeproj */ = {isa = PBXFileReference; lastKnownFileType = "wrapper.pb-project"; name = 08.xcodeproj; path = ../../08/08.xcodeproj; sourceTree = "<group>"; };
		506A3364239EB2D7001DA6C3 /* 09.xcodeproj */ = {isa = PBXFileReference; lastKnownFileType = "wrapper.pb-project"; name = 09.xcodeproj; path = ../09/09.xcodeproj; sourceTree = "<group>"; };
		506A3389239F5AAF001DA6C3 /* 10.xcodeproj */ = {isa = PBXFileReference; lastKnownFileType = "wrapper.pb-project"; name = 10.xcodeproj; path = ../10/10.xcodeproj; sourceTree = "<group>"; };
		506A33A823A0AFC9001DA6C3 /* 11.xcodeproj */ = {isa = PBXFileReference; lastKnownFileType = "wrapper.pb-project"; name = 11.xcodeproj; path = ../11/11.xcodeproj; sourceTree = "<group>"; };
/* End PBXFileReference section */

/* Begin PBXFrameworksBuildPhase section */
		503718E4239BA103001324AB /* Frameworks */ = {
			isa = PBXFrameworksBuildPhase;
			buildActionMask = 2147483647;
			files = (
			);
			runOnlyForDeploymentPostprocessing = 0;
		};
/* End PBXFrameworksBuildPhase section */

/* Begin PBXGroup section */
		501BBD4923A2006700CC703A /* Products */ = {
			isa = PBXGroup;
			children = (
				501BBD5123A2006900CC703A /* 12 */,
			);
			name = Products;
			sourceTree = "<group>";
		};
		503718DE239BA103001324AB = {
			isa = PBXGroup;
			children = (
				501BBD4823A2006700CC703A /* 12.xcodeproj */,
				506A33A823A0AFC9001DA6C3 /* 11.xcodeproj */,
				506A3389239F5AAF001DA6C3 /* 10.xcodeproj */,
				506A3364239EB2D7001DA6C3 /* 09.xcodeproj */,
				503718E9239BA103001324AB /* 07 */,
				503718E8239BA103001324AB /* Products */,
			);
			sourceTree = "<group>";
		};
		503718E8239BA103001324AB /* Products */ = {
			isa = PBXGroup;
			children = (
				503718E7239BA103001324AB /* 07 */,
			);
			name = Products;
			sourceTree = "<group>";
		};
		503718E9239BA103001324AB /* 07 */ = {
			isa = PBXGroup;
			children = (
				5037190A239CE01B001324AB /* 08.xcodeproj */,
				503718F1239BA12B001324AB /* input.txt */,
				503718EA239BA103001324AB /* main.swift */,
				503718F3239BFDE7001324AB /* DataStructures.swift */,
				503718F5239C1691001324AB /* IntComputer.swift */,
			);
			path = 07;
			sourceTree = "<group>";
		};
		5037190B239CE01B001324AB /* Products */ = {
			isa = PBXGroup;
			children = (
				5037190F239CE01D001324AB /* 08 */,
			);
			name = Products;
			sourceTree = "<group>";
		};
		506A3365239EB2D7001DA6C3 /* Products */ = {
			isa = PBXGroup;
			children = (
				506A336A239EB2D8001DA6C3 /* 09 */,
			);
			name = Products;
			sourceTree = "<group>";
		};
		506A338A239F5AAF001DA6C3 /* Products */ = {
			isa = PBXGroup;
			children = (
				506A338E239F5AB0001DA6C3 /* 10 */,
			);
			name = Products;
			sourceTree = "<group>";
		};
		506A33A923A0AFC9001DA6C3 /* Products */ = {
			isa = PBXGroup;
			children = (
				506A33AD23A0AFCC001DA6C3 /* 11 */,
			);
			name = Products;
			sourceTree = "<group>";
		};
/* End PBXGroup section */

/* Begin PBXNativeTarget section */
		503718E6239BA103001324AB /* 07 */ = {
			isa = PBXNativeTarget;
			buildConfigurationList = 503718EE239BA103001324AB /* Build configuration list for PBXNativeTarget "07" */;
			buildPhases = (
				503718E3239BA103001324AB /* Sources */,
				503718E4239BA103001324AB /* Frameworks */,
				503718E5239BA103001324AB /* CopyFiles */,
			);
			buildRules = (
			);
			dependencies = (
			);
			name = 07;
			productName = 07;
			productReference = 503718E7239BA103001324AB /* 07 */;
			productType = "com.apple.product-type.tool";
		};
/* End PBXNativeTarget section */

/* Begin PBXProject section */
		503718DF239BA103001324AB /* Project object */ = {
			isa = PBXProject;
			attributes = {
				LastSwiftUpdateCheck = 1120;
				LastUpgradeCheck = 1120;
				ORGANIZATIONNAME = "Max Nuding";
				TargetAttributes = {
					503718E6239BA103001324AB = {
						CreatedOnToolsVersion = 11.2.1;
					};
				};
			};
			buildConfigurationList = 503718E2239BA103001324AB /* Build configuration list for PBXProject "07" */;
			compatibilityVersion = "Xcode 9.3";
			developmentRegion = en;
			hasScannedForEncodings = 0;
			knownRegions = (
				en,
				Base,
			);
			mainGroup = 503718DE239BA103001324AB;
			productRefGroup = 503718E8239BA103001324AB /* Products */;
			projectDirPath = "";
			projectReferences = (
				{
					ProductGroup = 5037190B239CE01B001324AB /* Products */;
					ProjectRef = 5037190A239CE01B001324AB /* 08.xcodeproj */;
				},
				{
					ProductGroup = 506A3365239EB2D7001DA6C3 /* Products */;
					ProjectRef = 506A3364239EB2D7001DA6C3 /* 09.xcodeproj */;
				},
				{
					ProductGroup = 506A338A239F5AAF001DA6C3 /* Products */;
					ProjectRef = 506A3389239F5AAF001DA6C3 /* 10.xcodeproj */;
				},
				{
					ProductGroup = 506A33A923A0AFC9001DA6C3 /* Products */;
					ProjectRef = 506A33A823A0AFC9001DA6C3 /* 11.xcodeproj */;
				},
				{
					ProductGroup = 501BBD4923A2006700CC703A /* Products */;
					ProjectRef = 501BBD4823A2006700CC703A /* 12.xcodeproj */;
				},
			);
			projectRoot = "";
			targets = (
				503718E6239BA103001324AB /* 07 */,
			);
		};
/* End PBXProject section */

/* Begin PBXReferenceProxy section */
		501BBD5123A2006900CC703A /* 12 */ = {
			isa = PBXReferenceProxy;
			fileType = "compiled.mach-o.executable";
			path = 12;
			remoteRef = 501BBD5023A2006900CC703A /* PBXContainerItemProxy */;
			sourceTree = BUILT_PRODUCTS_DIR;
		};
		5037190F239CE01D001324AB /* 08 */ = {
			isa = PBXReferenceProxy;
			fileType = "compiled.mach-o.executable";
			path = 08;
			remoteRef = 5037190E239CE01D001324AB /* PBXContainerItemProxy */;
			sourceTree = BUILT_PRODUCTS_DIR;
		};
		506A336A239EB2D8001DA6C3 /* 09 */ = {
			isa = PBXReferenceProxy;
			fileType = "compiled.mach-o.executable";
			path = 09;
			remoteRef = 506A3369239EB2D8001DA6C3 /* PBXContainerItemProxy */;
			sourceTree = BUILT_PRODUCTS_DIR;
		};
		506A338E239F5AB0001DA6C3 /* 10 */ = {
			isa = PBXReferenceProxy;
			fileType = "compiled.mach-o.executable";
			path = 10;
			remoteRef = 506A338D239F5AB0001DA6C3 /* PBXContainerItemProxy */;
			sourceTree = BUILT_PRODUCTS_DIR;
		};
		506A33AD23A0AFCC001DA6C3 /* 11 */ = {
			isa = PBXReferenceProxy;
			fileType = "compiled.mach-o.executable";
			path = 11;
			remoteRef = 506A33AC23A0AFCC001DA6C3 /* PBXContainerItemProxy */;
			sourceTree = BUILT_PRODUCTS_DIR;
		};
/* End PBXReferenceProxy section */

/* Begin PBXSourcesBuildPhase section */
		503718E3239BA103001324AB /* Sources */ = {
			isa = PBXSourcesBuildPhase;
			buildActionMask = 2147483647;
			files = (
				503718EB239BA103001324AB /* main.swift in Sources */,
				503718F4239BFDE7001324AB /* DataStructures.swift in Sources */,
				503718F6239C1691001324AB /* IntComputer.swift in Sources */,
			);
			runOnlyForDeploymentPostprocessing = 0;
		};
/* End PBXSourcesBuildPhase section */

/* Begin XCBuildConfiguration section */
		503718EC239BA103001324AB /* Debug */ = {
			isa = XCBuildConfiguration;
			buildSettings = {
				ALWAYS_SEARCH_USER_PATHS = NO;
				CLANG_ANALYZER_NONNULL = YES;
				CLANG_ANALYZER_NUMBER_OBJECT_CONVERSION = YES_AGGRESSIVE;
				CLANG_CXX_LANGUAGE_STANDARD = "gnu++14";
				CLANG_CXX_LIBRARY = "libc++";
				CLANG_ENABLE_MODULES = YES;
				CLANG_ENABLE_OBJC_ARC = YES;
				CLANG_ENABLE_OBJC_WEAK = YES;
				CLANG_WARN_BLOCK_CAPTURE_AUTORELEASING = YES;
				CLANG_WARN_BOOL_CONVERSION = YES;
				CLANG_WARN_COMMA = YES;
				CLANG_WARN_CONSTANT_CONVERSION = YES;
				CLANG_WARN_DEPRECATED_OBJC_IMPLEMENTATIONS = YES;
				CLANG_WARN_DIRECT_OBJC_ISA_USAGE = YES_ERROR;
				CLANG_WARN_DOCUMENTATION_COMMENTS = YES;
				CLANG_WARN_EMPTY_BODY = YES;
				CLANG_WARN_ENUM_CONVERSION = YES;
				CLANG_WARN_INFINITE_RECURSION = YES;
				CLANG_WARN_INT_CONVERSION = YES;
				CLANG_WARN_NON_LITERAL_NULL_CONVERSION = YES;
				CLANG_WARN_OBJC_IMPLICIT_RETAIN_SELF = YES;
				CLANG_WARN_OBJC_LITERAL_CONVERSION = YES;
				CLANG_WARN_OBJC_ROOT_CLASS = YES_ERROR;
				CLANG_WARN_RANGE_LOOP_ANALYSIS = YES;
				CLANG_WARN_STRICT_PROTOTYPES = YES;
				CLANG_WARN_SUSPICIOUS_MOVE = YES;
				CLANG_WARN_UNGUARDED_AVAILABILITY = YES_AGGRESSIVE;
				CLANG_WARN_UNREACHABLE_CODE = YES;
				CLANG_WARN__DUPLICATE_METHOD_MATCH = YES;
				COPY_PHASE_STRIP = NO;
				DEBUG_INFORMATION_FORMAT = dwarf;
				ENABLE_STRICT_OBJC_MSGSEND = YES;
				ENABLE_TESTABILITY = YES;
				GCC_C_LANGUAGE_STANDARD = gnu11;
				GCC_DYNAMIC_NO_PIC = NO;
				GCC_NO_COMMON_BLOCKS = YES;
				GCC_OPTIMIZATION_LEVEL = 0;
				GCC_PREPROCESSOR_DEFINITIONS = (
					"DEBUG=1",
					"$(inherited)",
				);
				GCC_WARN_64_TO_32_BIT_CONVERSION = YES;
				GCC_WARN_ABOUT_RETURN_TYPE = YES_ERROR;
				GCC_WARN_UNDECLARED_SELECTOR = YES;
				GCC_WARN_UNINITIALIZED_AUTOS = YES_AGGRESSIVE;
				GCC_WARN_UNUSED_FUNCTION = YES;
				GCC_WARN_UNUSED_VARIABLE = YES;
				MACOSX_DEPLOYMENT_TARGET = 10.15;
				MTL_ENABLE_DEBUG_INFO = INCLUDE_SOURCE;
				MTL_FAST_MATH = YES;
				ONLY_ACTIVE_ARCH = YES;
				SDKROOT = macosx;
				SWIFT_ACTIVE_COMPILATION_CONDITIONS = DEBUG;
				SWIFT_OPTIMIZATION_LEVEL = "-Onone";
			};
			name = Debug;
		};
		503718ED239BA103001324AB /* Release */ = {
			isa = XCBuildConfiguration;
			buildSettings = {
				ALWAYS_SEARCH_USER_PATHS = NO;
				CLANG_ANALYZER_NONNULL = YES;
				CLANG_ANALYZER_NUMBER_OBJECT_CONVERSION = YES_AGGRESSIVE;
				CLANG_CXX_LANGUAGE_STANDARD = "gnu++14";
				CLANG_CXX_LIBRARY = "libc++";
				CLANG_ENABLE_MODULES = YES;
				CLANG_ENABLE_OBJC_ARC = YES;
				CLANG_ENABLE_OBJC_WEAK = YES;
				CLANG_WARN_BLOCK_CAPTURE_AUTORELEASING = YES;
				CLANG_WARN_BOOL_CONVERSION = YES;
				CLANG_WARN_COMMA = YES;
				CLANG_WARN_CONSTANT_CONVERSION = YES;
				CLANG_WARN_DEPRECATED_OBJC_IMPLEMENTATIONS = YES;
				CLANG_WARN_DIRECT_OBJC_ISA_USAGE = YES_ERROR;
				CLANG_WARN_DOCUMENTATION_COMMENTS = YES;
				CLANG_WARN_EMPTY_BODY = YES;
				CLANG_WARN_ENUM_CONVERSION = YES;
				CLANG_WARN_INFINITE_RECURSION = YES;
				CLANG_WARN_INT_CONVERSION = YES;
				CLANG_WARN_NON_LITERAL_NULL_CONVERSION = YES;
				CLANG_WARN_OBJC_IMPLICIT_RETAIN_SELF = YES;
				CLANG_WARN_OBJC_LITERAL_CONVERSION = YES;
				CLANG_WARN_OBJC_ROOT_CLASS = YES_ERROR;
				CLANG_WARN_RANGE_LOOP_ANALYSIS = YES;
				CLANG_WARN_STRICT_PROTOTYPES = YES;
				CLANG_WARN_SUSPICIOUS_MOVE = YES;
				CLANG_WARN_UNGUARDED_AVAILABILITY = YES_AGGRESSIVE;
				CLANG_WARN_UNREACHABLE_CODE = YES;
				CLANG_WARN__DUPLICATE_METHOD_MATCH = YES;
				COPY_PHASE_STRIP = NO;
				DEBUG_INFORMATION_FORMAT = "dwarf-with-dsym";
				ENABLE_NS_ASSERTIONS = NO;
				ENABLE_STRICT_OBJC_MSGSEND = YES;
				GCC_C_LANGUAGE_STANDARD = gnu11;
				GCC_NO_COMMON_BLOCKS = YES;
				GCC_WARN_64_TO_32_BIT_CONVERSION = YES;
				GCC_WARN_ABOUT_RETURN_TYPE = YES_ERROR;
				GCC_WARN_UNDECLARED_SELECTOR = YES;
				GCC_WARN_UNINITIALIZED_AUTOS = YES_AGGRESSIVE;
				GCC_WARN_UNUSED_FUNCTION = YES;
				GCC_WARN_UNUSED_VARIABLE = YES;
				MACOSX_DEPLOYMENT_TARGET = 10.15;
				MTL_ENABLE_DEBUG_INFO = NO;
				MTL_FAST_MATH = YES;
				SDKROOT = macosx;
				SWIFT_COMPILATION_MODE = wholemodule;
				SWIFT_OPTIMIZATION_LEVEL = "-O";
			};
			name = Release;
		};
		503718EF239BA103001324AB /* Debug */ = {
			isa = XCBuildConfiguration;
			buildSettings = {
				CODE_SIGN_STYLE = Automatic;
				DEVELOPMENT_TEAM = TW96S7GRCL;
				ENABLE_HARDENED_RUNTIME = YES;
				PRODUCT_NAME = "$(TARGET_NAME)";
				SWIFT_VERSION = 5.0;
			};
			name = Debug;
		};
		503718F0239BA103001324AB /* Release */ = {
			isa = XCBuildConfiguration;
			buildSettings = {
				CODE_SIGN_STYLE = Automatic;
				DEVELOPMENT_TEAM = TW96S7GRCL;
				ENABLE_HARDENED_RUNTIME = YES;
				PRODUCT_NAME = "$(TARGET_NAME)";
				SWIFT_VERSION = 5.0;
			};
			name = Release;
		};
/* End XCBuildConfiguration section */

/* Begin XCConfigurationList section */
		503718E2239BA103001324AB /* Build configuration list for PBXProject "07" */ = {
			isa = XCConfigurationList;
			buildConfigurations = (
				503718EC239BA103001324AB /* Debug */,
				503718ED239BA103001324AB /* Release */,
			);
			defaultConfigurationIsVisible = 0;
			defaultConfigurationName = Release;
		};
		503718EE239BA103001324AB /* Build configuration list for PBXNativeTarget "07" */ = {
			isa = XCConfigurationList;
			buildConfigurations = (
				503718EF239BA103001324AB /* Debug */,
				503718F0239BA103001324AB /* Release */,
			);
			defaultConfigurationIsVisible = 0;
			defaultConfigurationName = Release;
		};
/* End XCConfigurationList section */
	};
	rootObject = 503718DF239BA103001324AB /* Project object */;
}
